// !$*UTF8*$!
{
	archiveVersion = 1;
	classes = {
	};
	objectVersion = 50;
	objects = {

/* Begin PBXBuildFile section */
		492EB3A320C35322000A87CB /* AppDelegate.swift in Sources */ = {isa = PBXBuildFile; fileRef = 492EB3A220C35322000A87CB /* AppDelegate.swift */; };
		492EB3A520C35322000A87CB /* ViewController.swift in Sources */ = {isa = PBXBuildFile; fileRef = 492EB3A420C35322000A87CB /* ViewController.swift */; };
		492EB3A820C35322000A87CB /* Main.storyboard in Resources */ = {isa = PBXBuildFile; fileRef = 492EB3A620C35322000A87CB /* Main.storyboard */; };
		492EB3AA20C35324000A87CB /* Assets.xcassets in Resources */ = {isa = PBXBuildFile; fileRef = 492EB3A920C35324000A87CB /* Assets.xcassets */; };
		492EB3AD20C35324000A87CB /* LaunchScreen.storyboard in Resources */ = {isa = PBXBuildFile; fileRef = 492EB3AB20C35324000A87CB /* LaunchScreen.storyboard */; };
		492EB3B820C35324000A87CB /* CritiqueTests.swift in Sources */ = {isa = PBXBuildFile; fileRef = 492EB3B720C35324000A87CB /* CritiqueTests.swift */; };
		492EB3C320C35324000A87CB /* CritiqueUITests.swift in Sources */ = {isa = PBXBuildFile; fileRef = 492EB3C220C35324000A87CB /* CritiqueUITests.swift */; };
		492EB3D120C36866000A87CB /* ApiRequest.swift in Sources */ = {isa = PBXBuildFile; fileRef = 492EB3D020C36866000A87CB /* ApiRequest.swift */; };
		492EB3D320C370E1000A87CB /* BaseApiRequest.swift in Sources */ = {isa = PBXBuildFile; fileRef = 492EB3D220C370E1000A87CB /* BaseApiRequest.swift */; };
		493C1B3220C446F700C472C5 /* Data.swift in Sources */ = {isa = PBXBuildFile; fileRef = 493C1B3120C446F700C472C5 /* Data.swift */; };
		493C1B3620C4558200C472C5 /* HomeScreen.swift in Sources */ = {isa = PBXBuildFile; fileRef = 493C1B3520C4558200C472C5 /* HomeScreen.swift */; };
		493F087020C9FA24003C4EE8 /* SelectionView.xib in Resources */ = {isa = PBXBuildFile; fileRef = 493F086F20C9FA24003C4EE8 /* SelectionView.xib */; };
		493F087220C9FAF8003C4EE8 /* SelectionView.swift in Sources */ = {isa = PBXBuildFile; fileRef = 493F087120C9FAF8003C4EE8 /* SelectionView.swift */; };
		49CB437720C4BAB5004DF321 /* Queue.swift in Sources */ = {isa = PBXBuildFile; fileRef = 49CB437620C4BAB5004DF321 /* Queue.swift */; };
		49CB437920C4CCE1004DF321 /* Util.swift in Sources */ = {isa = PBXBuildFile; fileRef = 49CB437820C4CCE1004DF321 /* Util.swift */; };
/* End PBXBuildFile section */

/* Begin PBXContainerItemProxy section */
		492EB3B420C35324000A87CB /* PBXContainerItemProxy */ = {
			isa = PBXContainerItemProxy;
			containerPortal = 492EB39720C35322000A87CB /* Project object */;
			proxyType = 1;
			remoteGlobalIDString = 492EB39E20C35322000A87CB;
			remoteInfo = Critique;
		};
		492EB3BF20C35324000A87CB /* PBXContainerItemProxy */ = {
			isa = PBXContainerItemProxy;
			containerPortal = 492EB39720C35322000A87CB /* Project object */;
			proxyType = 1;
			remoteGlobalIDString = 492EB39E20C35322000A87CB;
			remoteInfo = Critique;
		};
/* End PBXContainerItemProxy section */

/* Begin PBXFileReference section */
		492EB39F20C35322000A87CB /* Critique.app */ = {isa = PBXFileReference; explicitFileType = wrapper.application; includeInIndex = 0; path = Critique.app; sourceTree = BUILT_PRODUCTS_DIR; };
		492EB3A220C35322000A87CB /* AppDelegate.swift */ = {isa = PBXFileReference; lastKnownFileType = sourcecode.swift; path = AppDelegate.swift; sourceTree = "<group>"; };
		492EB3A420C35322000A87CB /* ViewController.swift */ = {isa = PBXFileReference; lastKnownFileType = sourcecode.swift; path = ViewController.swift; sourceTree = "<group>"; };
		492EB3A720C35322000A87CB /* Base */ = {isa = PBXFileReference; lastKnownFileType = file.storyboard; name = Base; path = Base.lproj/Main.storyboard; sourceTree = "<group>"; };
		492EB3A920C35324000A87CB /* Assets.xcassets */ = {isa = PBXFileReference; lastKnownFileType = folder.assetcatalog; path = Assets.xcassets; sourceTree = "<group>"; };
		492EB3AC20C35324000A87CB /* Base */ = {isa = PBXFileReference; lastKnownFileType = file.storyboard; name = Base; path = Base.lproj/LaunchScreen.storyboard; sourceTree = "<group>"; };
		492EB3AE20C35324000A87CB /* Info.plist */ = {isa = PBXFileReference; lastKnownFileType = text.plist.xml; path = Info.plist; sourceTree = "<group>"; };
		492EB3B320C35324000A87CB /* CritiqueTests.xctest */ = {isa = PBXFileReference; explicitFileType = wrapper.cfbundle; includeInIndex = 0; path = CritiqueTests.xctest; sourceTree = BUILT_PRODUCTS_DIR; };
		492EB3B720C35324000A87CB /* CritiqueTests.swift */ = {isa = PBXFileReference; lastKnownFileType = sourcecode.swift; path = CritiqueTests.swift; sourceTree = "<group>"; };
		492EB3B920C35324000A87CB /* Info.plist */ = {isa = PBXFileReference; lastKnownFileType = text.plist.xml; path = Info.plist; sourceTree = "<group>"; };
		492EB3BE20C35324000A87CB /* CritiqueUITests.xctest */ = {isa = PBXFileReference; explicitFileType = wrapper.cfbundle; includeInIndex = 0; path = CritiqueUITests.xctest; sourceTree = BUILT_PRODUCTS_DIR; };
		492EB3C220C35324000A87CB /* CritiqueUITests.swift */ = {isa = PBXFileReference; lastKnownFileType = sourcecode.swift; path = CritiqueUITests.swift; sourceTree = "<group>"; };
		492EB3C420C35324000A87CB /* Info.plist */ = {isa = PBXFileReference; lastKnownFileType = text.plist.xml; path = Info.plist; sourceTree = "<group>"; };
		492EB3D020C36866000A87CB /* ApiRequest.swift */ = {isa = PBXFileReference; lastKnownFileType = sourcecode.swift; path = ApiRequest.swift; sourceTree = "<group>"; };
		492EB3D220C370E1000A87CB /* BaseApiRequest.swift */ = {isa = PBXFileReference; lastKnownFileType = sourcecode.swift; path = BaseApiRequest.swift; sourceTree = "<group>"; };
		493C1B3120C446F700C472C5 /* Data.swift */ = {isa = PBXFileReference; lastKnownFileType = sourcecode.swift; path = Data.swift; sourceTree = "<group>"; };
		493C1B3520C4558200C472C5 /* HomeScreen.swift */ = {isa = PBXFileReference; lastKnownFileType = sourcecode.swift; path = HomeScreen.swift; sourceTree = "<group>"; };
		493F086F20C9FA24003C4EE8 /* SelectionView.xib */ = {isa = PBXFileReference; fileEncoding = 4; lastKnownFileType = file.xib; path = SelectionView.xib; sourceTree = "<group>"; };
		493F087120C9FAF8003C4EE8 /* SelectionView.swift */ = {isa = PBXFileReference; lastKnownFileType = sourcecode.swift; path = SelectionView.swift; sourceTree = "<group>"; };
		49CB437620C4BAB5004DF321 /* Queue.swift */ = {isa = PBXFileReference; lastKnownFileType = sourcecode.swift; path = Queue.swift; sourceTree = "<group>"; };
		49CB437820C4CCE1004DF321 /* Util.swift */ = {isa = PBXFileReference; lastKnownFileType = sourcecode.swift; path = Util.swift; sourceTree = "<group>"; };
/* End PBXFileReference section */

/* Begin PBXFrameworksBuildPhase section */
		492EB39C20C35322000A87CB /* Frameworks */ = {
			isa = PBXFrameworksBuildPhase;
			buildActionMask = 2147483647;
			files = (
			);
			runOnlyForDeploymentPostprocessing = 0;
		};
		492EB3B020C35324000A87CB /* Frameworks */ = {
			isa = PBXFrameworksBuildPhase;
			buildActionMask = 2147483647;
			files = (
			);
			runOnlyForDeploymentPostprocessing = 0;
		};
		492EB3BB20C35324000A87CB /* Frameworks */ = {
			isa = PBXFrameworksBuildPhase;
			buildActionMask = 2147483647;
			files = (
			);
			runOnlyForDeploymentPostprocessing = 0;
		};
/* End PBXFrameworksBuildPhase section */

/* Begin PBXGroup section */
		492EB39620C35322000A87CB = {
			isa = PBXGroup;
			children = (
				492EB3A120C35322000A87CB /* Critique */,
				492EB3B620C35324000A87CB /* CritiqueTests */,
				492EB3C120C35324000A87CB /* CritiqueUITests */,
				492EB3A020C35322000A87CB /* Products */,
			);
			sourceTree = "<group>";
		};
		492EB3A020C35322000A87CB /* Products */ = {
			isa = PBXGroup;
			children = (
				492EB39F20C35322000A87CB /* Critique.app */,
				492EB3B320C35324000A87CB /* CritiqueTests.xctest */,
				492EB3BE20C35324000A87CB /* CritiqueUITests.xctest */,
			);
			name = Products;
			sourceTree = "<group>";
		};
		492EB3A120C35322000A87CB /* Critique */ = {
			isa = PBXGroup;
			children = (
				492EB3A220C35322000A87CB /* AppDelegate.swift */,
				492EB3A420C35322000A87CB /* ViewController.swift */,
				492EB3A620C35322000A87CB /* Main.storyboard */,
				493F086F20C9FA24003C4EE8 /* SelectionView.xib */,
				493C1B3520C4558200C472C5 /* HomeScreen.swift */,
				492EB3A920C35324000A87CB /* Assets.xcassets */,
				492EB3AB20C35324000A87CB /* LaunchScreen.storyboard */,
				492EB3AE20C35324000A87CB /* Info.plist */,
				492EB3D020C36866000A87CB /* ApiRequest.swift */,
				492EB3D220C370E1000A87CB /* BaseApiRequest.swift */,
				493C1B3120C446F700C472C5 /* Data.swift */,
				49CB437620C4BAB5004DF321 /* Queue.swift */,
				49CB437820C4CCE1004DF321 /* Util.swift */,
				493F087120C9FAF8003C4EE8 /* SelectionView.swift */,
			);
			path = Critique;
			sourceTree = "<group>";
		};
		492EB3B620C35324000A87CB /* CritiqueTests */ = {
			isa = PBXGroup;
			children = (
				492EB3B720C35324000A87CB /* CritiqueTests.swift */,
				492EB3B920C35324000A87CB /* Info.plist */,
			);
			path = CritiqueTests;
			sourceTree = "<group>";
		};
		492EB3C120C35324000A87CB /* CritiqueUITests */ = {
			isa = PBXGroup;
			children = (
				492EB3C220C35324000A87CB /* CritiqueUITests.swift */,
				492EB3C420C35324000A87CB /* Info.plist */,
			);
			path = CritiqueUITests;
			sourceTree = "<group>";
		};
/* End PBXGroup section */

/* Begin PBXNativeTarget section */
		492EB39E20C35322000A87CB /* Critique */ = {
			isa = PBXNativeTarget;
			buildConfigurationList = 492EB3C720C35324000A87CB /* Build configuration list for PBXNativeTarget "Critique" */;
			buildPhases = (
				492EB39B20C35322000A87CB /* Sources */,
				492EB39C20C35322000A87CB /* Frameworks */,
				492EB39D20C35322000A87CB /* Resources */,
			);
			buildRules = (
			);
			dependencies = (
			);
			name = Critique;
			productName = Critique;
			productReference = 492EB39F20C35322000A87CB /* Critique.app */;
			productType = "com.apple.product-type.application";
		};
		492EB3B220C35324000A87CB /* CritiqueTests */ = {
			isa = PBXNativeTarget;
			buildConfigurationList = 492EB3CA20C35324000A87CB /* Build configuration list for PBXNativeTarget "CritiqueTests" */;
			buildPhases = (
				492EB3AF20C35324000A87CB /* Sources */,
				492EB3B020C35324000A87CB /* Frameworks */,
				492EB3B120C35324000A87CB /* Resources */,
			);
			buildRules = (
			);
			dependencies = (
				492EB3B520C35324000A87CB /* PBXTargetDependency */,
			);
			name = CritiqueTests;
			productName = CritiqueTests;
			productReference = 492EB3B320C35324000A87CB /* CritiqueTests.xctest */;
			productType = "com.apple.product-type.bundle.unit-test";
		};
		492EB3BD20C35324000A87CB /* CritiqueUITests */ = {
			isa = PBXNativeTarget;
			buildConfigurationList = 492EB3CD20C35324000A87CB /* Build configuration list for PBXNativeTarget "CritiqueUITests" */;
			buildPhases = (
				492EB3BA20C35324000A87CB /* Sources */,
				492EB3BB20C35324000A87CB /* Frameworks */,
				492EB3BC20C35324000A87CB /* Resources */,
			);
			buildRules = (
			);
			dependencies = (
				492EB3C020C35324000A87CB /* PBXTargetDependency */,
			);
			name = CritiqueUITests;
			productName = CritiqueUITests;
			productReference = 492EB3BE20C35324000A87CB /* CritiqueUITests.xctest */;
			productType = "com.apple.product-type.bundle.ui-testing";
		};
/* End PBXNativeTarget section */

/* Begin PBXProject section */
		492EB39720C35322000A87CB /* Project object */ = {
			isa = PBXProject;
			attributes = {
				LastSwiftUpdateCheck = 0930;
				LastUpgradeCheck = 0930;
				ORGANIZATIONNAME = "Marc Fervil";
				TargetAttributes = {
					492EB39E20C35322000A87CB = {
						CreatedOnToolsVersion = 9.3;
					};
					492EB3B220C35324000A87CB = {
						CreatedOnToolsVersion = 9.3;
						TestTargetID = 492EB39E20C35322000A87CB;
					};
					492EB3BD20C35324000A87CB = {
						CreatedOnToolsVersion = 9.3;
						TestTargetID = 492EB39E20C35322000A87CB;
					};
				};
			};
			buildConfigurationList = 492EB39A20C35322000A87CB /* Build configuration list for PBXProject "Critique" */;
			compatibilityVersion = "Xcode 9.3";
			developmentRegion = en;
			hasScannedForEncodings = 0;
			knownRegions = (
				en,
				Base,
			);
			mainGroup = 492EB39620C35322000A87CB;
			productRefGroup = 492EB3A020C35322000A87CB /* Products */;
			projectDirPath = "";
			projectRoot = "";
			targets = (
				492EB39E20C35322000A87CB /* Critique */,
				492EB3B220C35324000A87CB /* CritiqueTests */,
				492EB3BD20C35324000A87CB /* CritiqueUITests */,
			);
		};
/* End PBXProject section */

/* Begin PBXResourcesBuildPhase section */
		492EB39D20C35322000A87CB /* Resources */ = {
			isa = PBXResourcesBuildPhase;
			buildActionMask = 2147483647;
			files = (
				492EB3AD20C35324000A87CB /* LaunchScreen.storyboard in Resources */,
				492EB3AA20C35324000A87CB /* Assets.xcassets in Resources */,
				492EB3A820C35322000A87CB /* Main.storyboard in Resources */,
				493F087020C9FA24003C4EE8 /* SelectionView.xib in Resources */,
			);
			runOnlyForDeploymentPostprocessing = 0;
		};
		492EB3B120C35324000A87CB /* Resources */ = {
			isa = PBXResourcesBuildPhase;
			buildActionMask = 2147483647;
			files = (
			);
			runOnlyForDeploymentPostprocessing = 0;
		};
		492EB3BC20C35324000A87CB /* Resources */ = {
			isa = PBXResourcesBuildPhase;
			buildActionMask = 2147483647;
			files = (
			);
			runOnlyForDeploymentPostprocessing = 0;
		};
/* End PBXResourcesBuildPhase section */

/* Begin PBXSourcesBuildPhase section */
		492EB39B20C35322000A87CB /* Sources */ = {
			isa = PBXSourcesBuildPhase;
			buildActionMask = 2147483647;
			files = (
				492EB3A520C35322000A87CB /* ViewController.swift in Sources */,
				49CB437720C4BAB5004DF321 /* Queue.swift in Sources */,
				493C1B3220C446F700C472C5 /* Data.swift in Sources */,
				49CB437920C4CCE1004DF321 /* Util.swift in Sources */,
				493C1B3620C4558200C472C5 /* HomeScreen.swift in Sources */,
				493F087220C9FAF8003C4EE8 /* SelectionView.swift in Sources */,
				492EB3A320C35322000A87CB /* AppDelegate.swift in Sources */,
				492EB3D320C370E1000A87CB /* BaseApiRequest.swift in Sources */,
				492EB3D120C36866000A87CB /* ApiRequest.swift in Sources */,
			);
			runOnlyForDeploymentPostprocessing = 0;
		};
		492EB3AF20C35324000A87CB /* Sources */ = {
			isa = PBXSourcesBuildPhase;
			buildActionMask = 2147483647;
			files = (
				492EB3B820C35324000A87CB /* CritiqueTests.swift in Sources */,
			);
			runOnlyForDeploymentPostprocessing = 0;
		};
		492EB3BA20C35324000A87CB /* Sources */ = {
			isa = PBXSourcesBuildPhase;
			buildActionMask = 2147483647;
			files = (
				492EB3C320C35324000A87CB /* CritiqueUITests.swift in Sources */,
			);
			runOnlyForDeploymentPostprocessing = 0;
		};
/* End PBXSourcesBuildPhase section */

/* Begin PBXTargetDependency section */
		492EB3B520C35324000A87CB /* PBXTargetDependency */ = {
			isa = PBXTargetDependency;
			target = 492EB39E20C35322000A87CB /* Critique */;
			targetProxy = 492EB3B420C35324000A87CB /* PBXContainerItemProxy */;
		};
		492EB3C020C35324000A87CB /* PBXTargetDependency */ = {
			isa = PBXTargetDependency;
			target = 492EB39E20C35322000A87CB /* Critique */;
			targetProxy = 492EB3BF20C35324000A87CB /* PBXContainerItemProxy */;
		};
/* End PBXTargetDependency section */

/* Begin PBXVariantGroup section */
		492EB3A620C35322000A87CB /* Main.storyboard */ = {
			isa = PBXVariantGroup;
			children = (
				492EB3A720C35322000A87CB /* Base */,
			);
			name = Main.storyboard;
			sourceTree = "<group>";
		};
		492EB3AB20C35324000A87CB /* LaunchScreen.storyboard */ = {
			isa = PBXVariantGroup;
			children = (
				492EB3AC20C35324000A87CB /* Base */,
			);
			name = LaunchScreen.storyboard;
			sourceTree = "<group>";
		};
/* End PBXVariantGroup section */

/* Begin XCBuildConfiguration section */
		492EB3C520C35324000A87CB /* Debug */ = {
			isa = XCBuildConfiguration;
			buildSettings = {
				ALWAYS_SEARCH_USER_PATHS = NO;
				CLANG_ANALYZER_NONNULL = YES;
				CLANG_ANALYZER_NUMBER_OBJECT_CONVERSION = YES_AGGRESSIVE;
				CLANG_CXX_LANGUAGE_STANDARD = "gnu++14";
				CLANG_CXX_LIBRARY = "libc++";
				CLANG_ENABLE_MODULES = YES;
				CLANG_ENABLE_OBJC_ARC = YES;
				CLANG_ENABLE_OBJC_WEAK = YES;
				CLANG_WARN_BLOCK_CAPTURE_AUTORELEASING = YES;
				CLANG_WARN_BOOL_CONVERSION = YES;
				CLANG_WARN_COMMA = YES;
				CLANG_WARN_CONSTANT_CONVERSION = YES;
				CLANG_WARN_DEPRECATED_OBJC_IMPLEMENTATIONS = YES;
				CLANG_WARN_DIRECT_OBJC_ISA_USAGE = YES_ERROR;
				CLANG_WARN_DOCUMENTATION_COMMENTS = YES;
				CLANG_WARN_EMPTY_BODY = YES;
				CLANG_WARN_ENUM_CONVERSION = YES;
				CLANG_WARN_INFINITE_RECURSION = YES;
				CLANG_WARN_INT_CONVERSION = YES;
				CLANG_WARN_NON_LITERAL_NULL_CONVERSION = YES;
				CLANG_WARN_OBJC_IMPLICIT_RETAIN_SELF = YES;
				CLANG_WARN_OBJC_LITERAL_CONVERSION = YES;
				CLANG_WARN_OBJC_ROOT_CLASS = YES_ERROR;
				CLANG_WARN_RANGE_LOOP_ANALYSIS = YES;
				CLANG_WARN_STRICT_PROTOTYPES = YES;
				CLANG_WARN_SUSPICIOUS_MOVE = YES;
				CLANG_WARN_UNGUARDED_AVAILABILITY = YES_AGGRESSIVE;
				CLANG_WARN_UNREACHABLE_CODE = YES;
				CLANG_WARN__DUPLICATE_METHOD_MATCH = YES;
				CODE_SIGN_IDENTITY = "iPhone Developer";
				COPY_PHASE_STRIP = NO;
				DEBUG_INFORMATION_FORMAT = dwarf;
				ENABLE_STRICT_OBJC_MSGSEND = YES;
				ENABLE_TESTABILITY = YES;
				GCC_C_LANGUAGE_STANDARD = gnu11;
				GCC_DYNAMIC_NO_PIC = NO;
				GCC_NO_COMMON_BLOCKS = YES;
				GCC_OPTIMIZATION_LEVEL = 0;
				GCC_PREPROCESSOR_DEFINITIONS = (
					"DEBUG=1",
					"$(inherited)",
				);
				GCC_WARN_64_TO_32_BIT_CONVERSION = YES;
				GCC_WARN_ABOUT_RETURN_TYPE = YES_ERROR;
				GCC_WARN_UNDECLARED_SELECTOR = YES;
				GCC_WARN_UNINITIALIZED_AUTOS = YES_AGGRESSIVE;
				GCC_WARN_UNUSED_FUNCTION = YES;
				GCC_WARN_UNUSED_VARIABLE = YES;
				IPHONEOS_DEPLOYMENT_TARGET = 11.3;
				MTL_ENABLE_DEBUG_INFO = YES;
				ONLY_ACTIVE_ARCH = YES;
				SDKROOT = iphoneos;
				SWIFT_ACTIVE_COMPILATION_CONDITIONS = DEBUG;
				SWIFT_OPTIMIZATION_LEVEL = "-Onone";
			};
			name = Debug;
		};
		492EB3C620C35324000A87CB /* Release */ = {
			isa = XCBuildConfiguration;
			buildSettings = {
				ALWAYS_SEARCH_USER_PATHS = NO;
				CLANG_ANALYZER_NONNULL = YES;
				CLANG_ANALYZER_NUMBER_OBJECT_CONVERSION = YES_AGGRESSIVE;
				CLANG_CXX_LANGUAGE_STANDARD = "gnu++14";
				CLANG_CXX_LIBRARY = "libc++";
				CLANG_ENABLE_MODULES = YES;
				CLANG_ENABLE_OBJC_ARC = YES;
				CLANG_ENABLE_OBJC_WEAK = YES;
				CLANG_WARN_BLOCK_CAPTURE_AUTORELEASING = YES;
				CLANG_WARN_BOOL_CONVERSION = YES;
				CLANG_WARN_COMMA = YES;
				CLANG_WARN_CONSTANT_CONVERSION = YES;
				CLANG_WARN_DEPRECATED_OBJC_IMPLEMENTATIONS = YES;
				CLANG_WARN_DIRECT_OBJC_ISA_USAGE = YES_ERROR;
				CLANG_WARN_DOCUMENTATION_COMMENTS = YES;
				CLANG_WARN_EMPTY_BODY = YES;
				CLANG_WARN_ENUM_CONVERSION = YES;
				CLANG_WARN_INFINITE_RECURSION = YES;
				CLANG_WARN_INT_CONVERSION = YES;
				CLANG_WARN_NON_LITERAL_NULL_CONVERSION = YES;
				CLANG_WARN_OBJC_IMPLICIT_RETAIN_SELF = YES;
				CLANG_WARN_OBJC_LITERAL_CONVERSION = YES;
				CLANG_WARN_OBJC_ROOT_CLASS = YES_ERROR;
				CLANG_WARN_RANGE_LOOP_ANALYSIS = YES;
				CLANG_WARN_STRICT_PROTOTYPES = YES;
				CLANG_WARN_SUSPICIOUS_MOVE = YES;
				CLANG_WARN_UNGUARDED_AVAILABILITY = YES_AGGRESSIVE;
				CLANG_WARN_UNREACHABLE_CODE = YES;
				CLANG_WARN__DUPLICATE_METHOD_MATCH = YES;
				CODE_SIGN_IDENTITY = "iPhone Developer";
				COPY_PHASE_STRIP = NO;
				DEBUG_INFORMATION_FORMAT = "dwarf-with-dsym";
				ENABLE_NS_ASSERTIONS = NO;
				ENABLE_STRICT_OBJC_MSGSEND = YES;
				GCC_C_LANGUAGE_STANDARD = gnu11;
				GCC_NO_COMMON_BLOCKS = YES;
				GCC_WARN_64_TO_32_BIT_CONVERSION = YES;
				GCC_WARN_ABOUT_RETURN_TYPE = YES_ERROR;
				GCC_WARN_UNDECLARED_SELECTOR = YES;
				GCC_WARN_UNINITIALIZED_AUTOS = YES_AGGRESSIVE;
				GCC_WARN_UNUSED_FUNCTION = YES;
				GCC_WARN_UNUSED_VARIABLE = YES;
				IPHONEOS_DEPLOYMENT_TARGET = 11.3;
				MTL_ENABLE_DEBUG_INFO = NO;
				SDKROOT = iphoneos;
				SWIFT_COMPILATION_MODE = wholemodule;
				SWIFT_OPTIMIZATION_LEVEL = "-O";
				VALIDATE_PRODUCT = YES;
			};
			name = Release;
		};
		492EB3C820C35324000A87CB /* Debug */ = {
			isa = XCBuildConfiguration;
			buildSettings = {
				ASSETCATALOG_COMPILER_APPICON_NAME = AppIcon;
				CODE_SIGN_STYLE = Automatic;
				DEVELOPMENT_TEAM = 782Z42H2EG;
				INFOPLIST_FILE = Critique/Info.plist;
				IPHONEOS_DEPLOYMENT_TARGET = 10.0;
				LD_RUNPATH_SEARCH_PATHS = (
					"$(inherited)",
					"@executable_path/Frameworks",
				);
				PRODUCT_BUNDLE_IDENTIFIER = com.fourteenfourhundred.Critique;
				PRODUCT_NAME = "$(TARGET_NAME)";
				SWIFT_VERSION = 4.0;
				TARGETED_DEVICE_FAMILY = "1,2";
			};
			name = Debug;
		};
		492EB3C920C35324000A87CB /* Release */ = {
			isa = XCBuildConfiguration;
			buildSettings = {
				ASSETCATALOG_COMPILER_APPICON_NAME = AppIcon;
				CODE_SIGN_STYLE = Automatic;
				DEVELOPMENT_TEAM = 782Z42H2EG;
				INFOPLIST_FILE = Critique/Info.plist;
				IPHONEOS_DEPLOYMENT_TARGET = 10.0;
				LD_RUNPATH_SEARCH_PATHS = (
					"$(inherited)",
					"@executable_path/Frameworks",
				);
				PRODUCT_BUNDLE_IDENTIFIER = com.fourteenfourhundred.Critique;
				PRODUCT_NAME = "$(TARGET_NAME)";
				SWIFT_VERSION = 4.0;
				TARGETED_DEVICE_FAMILY = "1,2";
			};
			name = Release;
		};
		492EB3CB20C35324000A87CB /* Debug */ = {
			isa = XCBuildConfiguration;
			buildSettings = {
				ALWAYS_EMBED_SWIFT_STANDARD_LIBRARIES = YES;
				BUNDLE_LOADER = "$(TEST_HOST)";
				CODE_SIGN_STYLE = Automatic;
				INFOPLIST_FILE = CritiqueTests/Info.plist;
				LD_RUNPATH_SEARCH_PATHS = (
					"$(inherited)",
					"@executable_path/Frameworks",
					"@loader_path/Frameworks",
				);
				PRODUCT_BUNDLE_IDENTIFIER = com.fourteenfourhundred.CritiqueTests;
				PRODUCT_NAME = "$(TARGET_NAME)";
				SWIFT_VERSION = 4.0;
				TARGETED_DEVICE_FAMILY = "1,2";
				TEST_HOST = "$(BUILT_PRODUCTS_DIR)/Critique.app/Critique";
			};
			name = Debug;
		};
		492EB3CC20C35324000A87CB /* Release */ = {
			isa = XCBuildConfiguration;
			buildSettings = {
				ALWAYS_EMBED_SWIFT_STANDARD_LIBRARIES = YES;
				BUNDLE_LOADER = "$(TEST_HOST)";
				CODE_SIGN_STYLE = Automatic;
				INFOPLIST_FILE = CritiqueTests/Info.plist;
				LD_RUNPATH_SEARCH_PATHS = (
					"$(inherited)",
					"@executable_path/Frameworks",
					"@loader_path/Frameworks",
				);
				PRODUCT_BUNDLE_IDENTIFIER = com.fourteenfourhundred.CritiqueTests;
				PRODUCT_NAME = "$(TARGET_NAME)";
				SWIFT_VERSION = 4.0;
				TARGETED_DEVICE_FAMILY = "1,2";
				TEST_HOST = "$(BUILT_PRODUCTS_DIR)/Critique.app/Critique";
			};
			name = Release;
		};
		492EB3CE20C35324000A87CB /* Debug */ = {
			isa = XCBuildConfiguration;
			buildSettings = {
				ALWAYS_EMBED_SWIFT_STANDARD_LIBRARIES = YES;
				CODE_SIGN_STYLE = Automatic;
				INFOPLIST_FILE = CritiqueUITests/Info.plist;
				LD_RUNPATH_SEARCH_PATHS = (
					"$(inherited)",
					"@executable_path/Frameworks",
					"@loader_path/Frameworks",
				);
				PRODUCT_BUNDLE_IDENTIFIER = com.fourteenfourhundred.CritiqueUITests;
				PRODUCT_NAME = "$(TARGET_NAME)";
				SWIFT_VERSION = 4.0;
				TARGETED_DEVICE_FAMILY = "1,2";
				TEST_TARGET_NAME = Critique;
			};
			name = Debug;
		};
		492EB3CF20C35324000A87CB /* Release */ = {
			isa = XCBuildConfiguration;
			buildSettings = {
				ALWAYS_EMBED_SWIFT_STANDARD_LIBRARIES = YES;
				CODE_SIGN_STYLE = Automatic;
				INFOPLIST_FILE = CritiqueUITests/Info.plist;
				LD_RUNPATH_SEARCH_PATHS = (
					"$(inherited)",
					"@executable_path/Frameworks",
					"@loader_path/Frameworks",
				);
				PRODUCT_BUNDLE_IDENTIFIER = com.fourteenfourhundred.CritiqueUITests;
				PRODUCT_NAME = "$(TARGET_NAME)";
				SWIFT_VERSION = 4.0;
				TARGETED_DEVICE_FAMILY = "1,2";
				TEST_TARGET_NAME = Critique;
			};
			name = Release;
		};
/* End XCBuildConfiguration section */

/* Begin XCConfigurationList section */
		492EB39A20C35322000A87CB /* Build configuration list for PBXProject "Critique" */ = {
			isa = XCConfigurationList;
			buildConfigurations = (
				492EB3C520C35324000A87CB /* Debug */,
				492EB3C620C35324000A87CB /* Release */,
			);
			defaultConfigurationIsVisible = 0;
			defaultConfigurationName = Release;
		};
		492EB3C720C35324000A87CB /* Build configuration list for PBXNativeTarget "Critique" */ = {
			isa = XCConfigurationList;
			buildConfigurations = (
				492EB3C820C35324000A87CB /* Debug */,
				492EB3C920C35324000A87CB /* Release */,
			);
			defaultConfigurationIsVisible = 0;
			defaultConfigurationName = Release;
		};
		492EB3CA20C35324000A87CB /* Build configuration list for PBXNativeTarget "CritiqueTests" */ = {
			isa = XCConfigurationList;
			buildConfigurations = (
				492EB3CB20C35324000A87CB /* Debug */,
				492EB3CC20C35324000A87CB /* Release */,
			);
			defaultConfigurationIsVisible = 0;
			defaultConfigurationName = Release;
		};
		492EB3CD20C35324000A87CB /* Build configuration list for PBXNativeTarget "CritiqueUITests" */ = {
			isa = XCConfigurationList;
			buildConfigurations = (
				492EB3CE20C35324000A87CB /* Debug */,
				492EB3CF20C35324000A87CB /* Release */,
			);
			defaultConfigurationIsVisible = 0;
			defaultConfigurationName = Release;
		};
/* End XCConfigurationList section */
	};
	rootObject = 492EB39720C35322000A87CB /* Project object */;
}
